{
  "lockfile-version": 1,
  "manifest": {
    "schema-version": "1.10.0",
    "install": {
      "bun": {
        "pkg-path": "bun"
      }
    },
    "hook": {},
    "profile": {},
    "options": {}
  },
  "packages": [
    {
      "attr_path": "bun",
      "broken": false,
      "derivation": "/nix/store/6wvpwf4gfv8rpm3a2dr73ahlx2cw2r18-bun-1.3.10.drv",
      "description": "Incredibly fast JavaScript runtime, bundler, transpiler and package manager – all in one",
      "install_id": "bun",
      "license": "[ MIT, LGPL-2.1-only ]",
      "locked_url": "https://github.com/flox/nixpkgs?rev=5b2c2d84341b2afb5647081c1386a80d7a8d8605",
      "name": "bun-1.3.10",
      "pname": "bun",
      "rev": "5b2c2d84341b2afb5647081c1386a80d7a8d8605",
      "rev_count": 963917,
      "rev_date": "2026-03-16T07:26:50Z",
      "scrape_date": "2026-03-17T04:42:03.394492Z",
      "stabilities": [
        "unstable"
      ],
      "unfree": false,
      "version": "1.3.10",
      "outputs_to_install": [
        "out"
      ],
      "outputs": {
        "out": "/nix/store/421j82pv4gjmh9n2gchb4cs40hqfj20d-bun-1.3.10"
      },
      "system": "aarch64-darwin",
      "group": "toplevel",
      "priority": 5
    },
    {
      "attr_path": "bun",
      "broken": false,
      "derivation": "/nix/store/ripy81lw4h7slpj8r8rnqy2648wk8fv0-bun-1.3.10.drv",
      "description": "Incredibly fast JavaScript runtime, bundler, transpiler and package manager – all in one",
      "install_id": "bun",
      "license": "[ MIT, LGPL-2.1-only ]",
      "locked_url": "https://github.com/flox/nixpkgs?rev=5b2c2d84341b2afb5647081c1386a80d7a8d8605",
      "name": "bun-1.3.10",
      "pname": "bun",
      "rev": "5b2c2d84341b2afb5647081c1386a80d7a8d8605",
      "rev_count": 963917,
      "rev_date": "2026-03-16T07:26:50Z",
      "scrape_date": "2026-03-17T05:14:38.447833Z",
      "stabilities": [
        "unstable"
      ],
      "unfree": false,
      "version": "1.3.10",
      "outputs_to_install": [
        "out"
      ],
      "outputs": {
        "out": "/nix/store/ffdcfkl3kpdwagswlwlff6qazxkj4cag-bun-1.3.10"
      },
      "system": "aarch64-linux",
      "group": "toplevel",
      "priority": 5
    },
    {
      "attr_path": "bun",
      "broken": false,
      "derivation": "/nix/store/isi2vyf4kk6c0ddwsgq0n53313xqsqdf-bun-1.3.10.drv",
      "description": "Incredibly fast JavaScript runtime, bundler, transpiler and package manager – all in one",
      "install_id": "bun",
      "license": "[ MIT, LGPL-2.1-only ]",
      "locked_url": "https://github.com/flox/nixpkgs?rev=5b2c2d84341b2afb5647081c1386a80d7a8d8605",
      "name": "bun-1.3.10",
      "pname": "bun",
      "rev": "5b2c2d84341b2afb5647081c1386a80d7a8d8605",
      "rev_count": 963917,
      "rev_date": "2026-03-16T07:26:50Z",
      "scrape_date": "2026-03-17T05:45:10.056379Z",
      "stabilities": [
        "unstable"
      ],
      "unfree": false,
      "version": "1.3.10",
      "outputs_to_install": [
        "out"
      ],
      "outputs": {
        "out": "/nix/store/k6gj0kvvy9nrs87i646qxj9hr6fkchix-bun-1.3.10"
      },
      "system": "x86_64-darwin",
      "group": "toplevel",
      "priority": 5
    },
    {
      "attr_path": "bun",
      "broken": false,
      "derivation": "/nix/store/7nj2p1hvxj7kkg50bllk9d2bkb3y43c3-bun-1.3.10.drv",
      "description": "Incredibly fast JavaScript runtime, bundler, transpiler and package manager – all in one",
      "install_id": "bun",
      "license": "[ MIT, LGPL-2.1-only ]",
      "locked_url": "https://github.com/flox/nixpkgs?rev=5b2c2d84341b2afb5647081c1386a80d7a8d8605",
      "name": "bun-1.3.10",
      "pname": "bun",
      "rev": "5b2c2d84341b2afb5647081c1386a80d7a8d8605",
      "rev_count": 963917,
      "rev_date": "2026-03-16T07:26:50Z",
      "scrape_date": "2026-03-17T06:21:13.915335Z",
      "stabilities": [
        "unstable"
      ],
      "unfree": false,
      "version": "1.3.10",
      "outputs_to_install": [
        "out"
      ],
      "outputs": {
        "out": "/nix/store/ffgyf7g2n4gbhi1zgbcphssivfah1c4s-bun-1.3.10"
      },
      "system": "x86_64-linux",
      "group": "toplevel",
      "priority": 5
    }
  ]
}
